
Microsoft Visual Studio Solution File, Format Version 12.00
# Visual Studio Version 16
VisualStudioVersion = 16.0.29324.140
MinimumVisualStudioVersion = 10.0.40219.1
Project("{FAE04EC0-301F-11D3-BF4B-00C04F79EFBC}") = "PaintingLesson", "PaintingLesson\PaintingLesson.csproj", "{882839B7-2FBE-444C-9490-5DDAF7F27554}"
EndProject
Global
	GlobalSection(SolutionConfigurationPlatforms) = preSolution
		Debug|Any CPU = Debug|Any CPU
		Release|Any CPU = Release|Any CPU
	EndGlobalSection
	GlobalSection(ProjectConfigurationPlatforms) = postSolution
		{882839B7-2FBE-444C-9490-5DDAF7F27554}.Debug|Any CPU.ActiveCfg = Debug|Any CPU
		{882839B7-2FBE-444C-9490-5DDAF7F27554}.Debug|Any CPU.Build.0 = Debug|Any CPU
		{882839B7-2FBE-444C-9490-5DDAF7F27554}.Release|Any CPU.ActiveCfg = Release|Any CPU
		{882839B7-2FBE-444C-9490-5DDAF7F27554}.Release|Any CPU.Build.0 = Release|Any CPU
	EndGlobalSection
	GlobalSection(SolutionProperties) = preSolution
		HideSolutionNode = FALSE
	EndGlobalSection
	GlobalSection(ExtensibilityGlobals) = postSolution
		SolutionGuid = {8CA77388-E448-435D-A812-6F62B64EE6A9}
	EndGlobalSection
EndGlobal
